{
  "lockfileVersion": 1,
  "workspaces": {
    "": {
      "name": "eidoscope",
      "dependencies": {
        "@ax-llm/ax": "^23.0.5",
        "ml-pca": "^4.1.1",
        "umap-js": "^1.4.0",
      },
      "devDependencies": {
        "@types/bun": "^1.3.14",
        "playwright": "^1.62.0",
      },
    },
  },
  "packages": {
    "@ax-llm/ax": ["@ax-llm/ax@23.0.5", "", { "dependencies": { "@opentelemetry/api": "^1.9.0" }, "peerDependencies": { "zod": "^3.24.0 || ^4.0.0" }, "optionalPeers": ["zod"], "bin": { "ax": "cli/index.mjs" } }, "sha512-Kgs+P4hPHMyppOnlEQTSFUJTuuLVWfvvV4QakHwLv3VRlw2T98okZkiwicdN0AKGH/uTf0ktF0Kbq1s9c7AxcA=="],

    "@opentelemetry/api": ["@opentelemetry/api@1.9.1", "", {}, "sha512-gLyJlPHPZYdAk1JENA9LeHejZe1Ti77/pTeFm/nMXmQH/HFZlcS/O2XJB+L8fkbrNSqhdtlvjBVjxwUYanNH5Q=="],

    "@types/bun": ["@types/bun@1.3.14", "", { "dependencies": { "bun-types": "1.3.14" } }, "sha512-h1hFqFVcvAvD9j9K7ZW7vd82aSA+rTdznZa+5bwvCwqSB1jmmfLcbIWhOLx1/+boy/xmjgCs/OMUL8hRJSmnPw=="],

    "@types/node": ["@types/node@26.1.2", "", { "dependencies": { "undici-types": "~8.3.0" } }, "sha512-Vu4a5UFA9rIIFJ7rB/Vaafh9lrCQszopTCx6KjFboXTGQbPNasehVR5TEiithSDGyd1DEiUByggTZsg8jukeIg=="],

    "bun-types": ["bun-types@1.3.14", "", { "dependencies": { "@types/node": "*" } }, "sha512-4N0ig0fEomHt5R0KCFWjovxow98rIoRwKolrYdCcknNwMekCXRnWEUvgu5soYV8QXtVsrUD8B95MBOZGPvr6KQ=="],

    "fsevents": ["fsevents@2.3.2", "", { "os": "darwin" }, "sha512-xiqMQR4xAeHTuB9uWm+fFRcIOgKBMiOBP+eXiyT7jsgVCq1bkVygt00oASowB7EdtpOHaaPgKt812P9ab+DDKA=="],

    "is-any-array": ["is-any-array@3.0.0", "", {}, "sha512-o4h+tylWykC4BD1vaejp6gDxoM13bwW8FGuNs4yIKpj8xbBJcRxJx8vZpq0dCr7ZDEfeKjmsi/euolKhX6f/ww=="],

    "ml-array-max": ["ml-array-max@2.0.0", "", { "dependencies": { "is-any-array": "^3.0.0" } }, "sha512-QQZ4kENwpWmyNb98UXRDFXrmtIXuXtt1+bSbda/2KA85+F+rrJP8hZk6QOkCQXM2Th9mUDYdq/PNByPdT9ID4A=="],

    "ml-array-min": ["ml-array-min@2.0.0", "", { "dependencies": { "is-any-array": "^3.0.0" } }, "sha512-GRj6Ky6sW9vGL6yIjgsHmXZ9YgrdmcQ8nCxPqEGeKc6dkfYg1XDYxGFxADUjNuZyoCd5PUscWAS4N+cFaX6hFg=="],

    "ml-array-rescale": ["ml-array-rescale@2.0.0", "", { "dependencies": { "is-any-array": "^3.0.0", "ml-array-max": "^2.0.0", "ml-array-min": "^2.0.0" } }, "sha512-2GGtKfSno94/kIloWGvpp/U5Q5vLvLrza+SAaGsLeo6Xj4mEbA6Gqx+oTfZFkxnd1grT2X007HfJNs3T5BsiVg=="],

    "ml-levenberg-marquardt": ["ml-levenberg-marquardt@2.1.1", "", { "dependencies": { "is-any-array": "^0.1.0", "ml-matrix": "^6.4.1" } }, "sha512-2+HwUqew4qFFFYujYlQtmFUrxCB4iJAPqnUYro3P831wj70eJZcANwcRaIMGUVaH9NDKzfYuA4N5u67KExmaRA=="],

    "ml-matrix": ["ml-matrix@6.14.0", "", { "dependencies": { "is-any-array": "^3.0.0", "ml-array-rescale": "^2.0.0" } }, "sha512-5W31+w+6jIm05l85N3Ik04fl+5LfN1lyJLBrEM/r/j7YmvwRclcUyQGXGFWXnN7ASzVjsAnAa3FUXrduAt168A=="],

    "ml-pca": ["ml-pca@4.1.1", "", { "dependencies": { "ml-matrix": "^6.8.0" } }, "sha512-HQwswMK1dObj+ppk3EPcQMR2djWK0Cri8mAFd2nITtXHkLfO4DBBsEtiCT5KiR+2e3hQjp+lI0UyqZpdf04AlQ=="],

    "playwright": ["playwright@1.62.0", "", { "dependencies": { "playwright-core": "1.62.0" }, "optionalDependencies": { "fsevents": "2.3.2" }, "bin": { "playwright": "cli.js" } }, "sha512-Z14dG305dgaLu6foB1TXQagFiW8JfSUIUaUuPaKQ6NtBPKF1P/qXcqfh6c6K/icPqdy37JmjbiBXf6JNg6Sylw=="],

    "playwright-core": ["playwright-core@1.62.0", "", { "bin": { "playwright-core": "cli.js" } }, "sha512-nsNRyq0r2zsG8AcRHWknc9QRA5XCueC7gWMrs+Gx2tlZn9hcl8zudfh00lhJPY1DE7NmZ6bDsT9g2yey8mXljA=="],

    "umap-js": ["umap-js@1.4.0", "", { "dependencies": { "ml-levenberg-marquardt": "^2.0.0" } }, "sha512-xxpviF9wUO6Nxrx+C58SoDgea+h2PnVaRPKDelWv0HotmY6BeWeh0kAPJoumfqUkzUvowGsYfMbnsWI0b9do+A=="],

    "undici-types": ["undici-types@8.3.0", "", {}, "sha512-j375ScV60dom+YkPFIfTLcOiPxkN/buHz5GobjLhixFuANaNs3C9l4GmrWqejgXWJ7BbJcFYpTEUkS1Ge8bpZQ=="],

    "ml-levenberg-marquardt/is-any-array": ["is-any-array@0.1.1", "", {}, "sha512-qTiELO+kpTKqPgxPYbshMERlzaFu29JDnpB8s3bjg+JkxBpw29/qqSaOdKv2pCdaG92rLGeG/zG2GauX58hfoA=="],
  }
}
